// !$*UTF8*$!
{
	archiveVersion = 1;
	classes = {
	};
	objectVersion = 46;
	objects = {

/* Begin PBXBuildFile section */
		A557E42418F9B8D20066D391 /* CoreLocation.framework in Frameworks */ = {isa = PBXBuildFile; fileRef = A557E42318F9B8D20066D391 /* CoreLocation.framework */; };
		A59E27D318E73280001860DF /* Contact.m in Sources */ = {isa = PBXBuildFile; fileRef = A59E27D218E73280001860DF /* Contact.m */; };
		A59E27D618E73FF4001860DF /* ContactListViewController.m in Sources */ = {isa = PBXBuildFile; fileRef = A59E27D518E73FF4001860DF /* ContactListViewController.m */; };
		A5A01B7518E6F107001FCE87 /* UIKit.framework in Frameworks */ = {isa = PBXBuildFile; fileRef = A5A01B7418E6F107001FCE87 /* UIKit.framework */; };
		A5A01B7718E6F107001FCE87 /* Foundation.framework in Frameworks */ = {isa = PBXBuildFile; fileRef = A5A01B7618E6F107001FCE87 /* Foundation.framework */; };
		A5A01B7918E6F107001FCE87 /* CoreGraphics.framework in Frameworks */ = {isa = PBXBuildFile; fileRef = A5A01B7818E6F107001FCE87 /* CoreGraphics.framework */; };
		A5A01B7F18E6F107001FCE87 /* InfoPlist.strings in Resources */ = {isa = PBXBuildFile; fileRef = A5A01B7D18E6F107001FCE87 /* InfoPlist.strings */; };
		A5A01B8118E6F107001FCE87 /* main.m in Sources */ = {isa = PBXBuildFile; fileRef = A5A01B8018E6F107001FCE87 /* main.m */; };
		A5A01B8518E6F107001FCE87 /* AppDelegate.m in Sources */ = {isa = PBXBuildFile; fileRef = A5A01B8418E6F107001FCE87 /* AppDelegate.m */; };
		A5A01B8B18E6F107001FCE87 /* Default-568h@2x.png in Resources */ = {isa = PBXBuildFile; fileRef = A5A01B8A18E6F107001FCE87 /* Default-568h@2x.png */; };
		A5ACC29818F96DB20017057D /* ContactFormViewController.m in Sources */ = {isa = PBXBuildFile; fileRef = A5ACC29618F96D910017057D /* ContactFormViewController.m */; };
		A5ACC29918F96DC10017057D /* ContactFormViewController.xib in Resources */ = {isa = PBXBuildFile; fileRef = A5ACC29718F96D910017057D /* ContactFormViewController.xib */; };
		A5ACC29D18F976C70017057D /* ContactsMapViewController.m in Sources */ = {isa = PBXBuildFile; fileRef = A5ACC29B18F976C70017057D /* ContactsMapViewController.m */; };
		A5ACC29E18F976C70017057D /* ContactsMapViewController.xib in Resources */ = {isa = PBXBuildFile; fileRef = A5ACC29C18F976C70017057D /* ContactsMapViewController.xib */; };
		A5ACC2A018F977B60017057D /* MapKit.framework in Frameworks */ = {isa = PBXBuildFile; fileRef = A5ACC29F18F977B60017057D /* MapKit.framework */; };
		A5ACC2AA18F97E860017057D /* Default.png in Resources */ = {isa = PBXBuildFile; fileRef = A5ACC2A118F97E860017057D /* Default.png */; };
		A5ACC2AB18F97E860017057D /* Default@2x.png in Resources */ = {isa = PBXBuildFile; fileRef = A5ACC2A218F97E860017057D /* Default@2x.png */; };
		A5ACC2B218F97E860017057D /* Vila Mariana.gpx in Resources */ = {isa = PBXBuildFile; fileRef = A5ACC2A918F97E860017057D /* Vila Mariana.gpx */; };
		A5ACC2B818F980E90017057D /* contacts-list.png in Resources */ = {isa = PBXBuildFile; fileRef = A5ACC2B418F980E90017057D /* contacts-list.png */; };
		A5ACC2B918F980E90017057D /* contacts-list@2x.png in Resources */ = {isa = PBXBuildFile; fileRef = A5ACC2B518F980E90017057D /* contacts-list@2x.png */; };
		A5ACC2BA18F980E90017057D /* contacts-map.png in Resources */ = {isa = PBXBuildFile; fileRef = A5ACC2B618F980E90017057D /* contacts-map.png */; };
		A5ACC2BB18F980E90017057D /* contacts-map@2x.png in Resources */ = {isa = PBXBuildFile; fileRef = A5ACC2B718F980E90017057D /* contacts-map@2x.png */; };
		A5ACC2BE18F980F30017057D /* gps.png in Resources */ = {isa = PBXBuildFile; fileRef = A5ACC2BC18F980F30017057D /* gps.png */; };
		A5ACC2BF18F980F30017057D /* gps@2x.png in Resources */ = {isa = PBXBuildFile; fileRef = A5ACC2BD18F980F30017057D /* gps@2x.png */; };
		A5B7CD0218F0917400538B7A /* MessageUI.framework in Frameworks */ = {isa = PBXBuildFile; fileRef = A5B7CD0118F0917300538B7A /* MessageUI.framework */; };
		F63B3B747F3B46ED8106E6AE /* libPods.a in Frameworks */ = {isa = PBXBuildFile; fileRef = 38F00A984E4C42FB8E4EB0BB /* libPods.a */; };
/* End PBXBuildFile section */

/* Begin PBXFileReference section */
		38F00A984E4C42FB8E4EB0BB /* libPods.a */ = {isa = PBXFileReference; explicitFileType = archive.ar; includeInIndex = 0; path = libPods.a; sourceTree = BUILT_PRODUCTS_DIR; };
		A557E42318F9B8D20066D391 /* CoreLocation.framework */ = {isa = PBXFileReference; lastKnownFileType = wrapper.framework; name = CoreLocation.framework; path = System/Library/Frameworks/CoreLocation.framework; sourceTree = SDKROOT; };
		A59E27D118E73280001860DF /* Contact.h */ = {isa = PBXFileReference; fileEncoding = 4; lastKnownFileType = sourcecode.c.h; path = Contact.h; sourceTree = "<group>"; };
		A59E27D218E73280001860DF /* Contact.m */ = {isa = PBXFileReference; fileEncoding = 4; lastKnownFileType = sourcecode.c.objc; path = Contact.m; sourceTree = "<group>"; };
		A59E27D418E73FF4001860DF /* ContactListViewController.h */ = {isa = PBXFileReference; fileEncoding = 4; lastKnownFileType = sourcecode.c.h; path = ContactListViewController.h; sourceTree = "<group>"; };
		A59E27D518E73FF4001860DF /* ContactListViewController.m */ = {isa = PBXFileReference; fileEncoding = 4; lastKnownFileType = sourcecode.c.objc; path = ContactListViewController.m; sourceTree = "<group>"; };
		A5A01B7118E6F107001FCE87 /* Contacts.app */ = {isa = PBXFileReference; explicitFileType = wrapper.application; includeInIndex = 0; path = Contacts.app; sourceTree = BUILT_PRODUCTS_DIR; };
		A5A01B7418E6F107001FCE87 /* UIKit.framework */ = {isa = PBXFileReference; lastKnownFileType = wrapper.framework; name = UIKit.framework; path = System/Library/Frameworks/UIKit.framework; sourceTree = SDKROOT; };
		A5A01B7618E6F107001FCE87 /* Foundation.framework */ = {isa = PBXFileReference; lastKnownFileType = wrapper.framework; name = Foundation.framework; path = System/Library/Frameworks/Foundation.framework; sourceTree = SDKROOT; };
		A5A01B7818E6F107001FCE87 /* CoreGraphics.framework */ = {isa = PBXFileReference; lastKnownFileType = wrapper.framework; name = CoreGraphics.framework; path = System/Library/Frameworks/CoreGraphics.framework; sourceTree = SDKROOT; };
		A5A01B7C18E6F107001FCE87 /* Contacts-Info.plist */ = {isa = PBXFileReference; lastKnownFileType = text.plist.xml; path = "Contacts-Info.plist"; sourceTree = "<group>"; };
		A5A01B7E18E6F107001FCE87 /* en */ = {isa = PBXFileReference; lastKnownFileType = text.plist.strings; name = en; path = en.lproj/InfoPlist.strings; sourceTree = "<group>"; };
		A5A01B8018E6F107001FCE87 /* main.m */ = {isa = PBXFileReference; lastKnownFileType = sourcecode.c.objc; path = main.m; sourceTree = "<group>"; };
		A5A01B8218E6F107001FCE87 /* Contacts-Prefix.pch */ = {isa = PBXFileReference; lastKnownFileType = sourcecode.c.h; path = "Contacts-Prefix.pch"; sourceTree = "<group>"; };
		A5A01B8318E6F107001FCE87 /* AppDelegate.h */ = {isa = PBXFileReference; lastKnownFileType = sourcecode.c.h; path = AppDelegate.h; sourceTree = "<group>"; };
		A5A01B8418E6F107001FCE87 /* AppDelegate.m */ = {isa = PBXFileReference; lastKnownFileType = sourcecode.c.objc; path = AppDelegate.m; sourceTree = "<group>"; };
		A5A01B8A18E6F107001FCE87 /* Default-568h@2x.png */ = {isa = PBXFileReference; lastKnownFileType = image.png; path = "Default-568h@2x.png"; sourceTree = "<group>"; };
		A5ACC29518F96D910017057D /* ContactFormViewController.h */ = {isa = PBXFileReference; lastKnownFileType = sourcecode.c.h; path = ContactFormViewController.h; sourceTree = "<group>"; };
		A5ACC29618F96D910017057D /* ContactFormViewController.m */ = {isa = PBXFileReference; lastKnownFileType = sourcecode.c.objc; path = ContactFormViewController.m; sourceTree = "<group>"; };
		A5ACC29718F96D910017057D /* ContactFormViewController.xib */ = {isa = PBXFileReference; lastKnownFileType = file.xib; path = ContactFormViewController.xib; sourceTree = "<group>"; };
		A5ACC29A18F976C70017057D /* ContactsMapViewController.h */ = {isa = PBXFileReference; fileEncoding = 4; lastKnownFileType = sourcecode.c.h; path = ContactsMapViewController.h; sourceTree = "<group>"; };
		A5ACC29B18F976C70017057D /* ContactsMapViewController.m */ = {isa = PBXFileReference; fileEncoding = 4; lastKnownFileType = sourcecode.c.objc; path = ContactsMapViewController.m; sourceTree = "<group>"; };
		A5ACC29C18F976C70017057D /* ContactsMapViewController.xib */ = {isa = PBXFileReference; fileEncoding = 4; lastKnownFileType = file.xib; path = ContactsMapViewController.xib; sourceTree = "<group>"; };
		A5ACC29F18F977B60017057D /* MapKit.framework */ = {isa = PBXFileReference; lastKnownFileType = wrapper.framework; name = MapKit.framework; path = System/Library/Frameworks/MapKit.framework; sourceTree = SDKROOT; };
		A5ACC2A118F97E860017057D /* Default.png */ = {isa = PBXFileReference; lastKnownFileType = image.png; path = Default.png; sourceTree = "<group>"; };
		A5ACC2A218F97E860017057D /* Default@2x.png */ = {isa = PBXFileReference; lastKnownFileType = image.png; path = "Default@2x.png"; sourceTree = "<group>"; };
		A5ACC2A918F97E860017057D /* Vila Mariana.gpx */ = {isa = PBXFileReference; fileEncoding = 4; lastKnownFileType = text.xml; path = "Vila Mariana.gpx"; sourceTree = "<group>"; };
		A5ACC2B418F980E90017057D /* contacts-list.png */ = {isa = PBXFileReference; lastKnownFileType = image.png; path = "contacts-list.png"; sourceTree = "<group>"; };
		A5ACC2B518F980E90017057D /* contacts-list@2x.png */ = {isa = PBXFileReference; lastKnownFileType = image.png; path = "contacts-list@2x.png"; sourceTree = "<group>"; };
		A5ACC2B618F980E90017057D /* contacts-map.png */ = {isa = PBXFileReference; lastKnownFileType = image.png; path = "contacts-map.png"; sourceTree = "<group>"; };
		A5ACC2B718F980E90017057D /* contacts-map@2x.png */ = {isa = PBXFileReference; lastKnownFileType = image.png; path = "contacts-map@2x.png"; sourceTree = "<group>"; };
		A5ACC2BC18F980F30017057D /* gps.png */ = {isa = PBXFileReference; lastKnownFileType = image.png; path = gps.png; sourceTree = "<group>"; };
		A5ACC2BD18F980F30017057D /* gps@2x.png */ = {isa = PBXFileReference; lastKnownFileType = image.png; path = "gps@2x.png"; sourceTree = "<group>"; };
		A5B7CD0018F06A5100538B7A /* ContactFormViewControllerDelegate.h */ = {isa = PBXFileReference; lastKnownFileType = sourcecode.c.h; path = ContactFormViewControllerDelegate.h; sourceTree = "<group>"; };
		A5B7CD0118F0917300538B7A /* MessageUI.framework */ = {isa = PBXFileReference; lastKnownFileType = wrapper.framework; name = MessageUI.framework; path = System/Library/Frameworks/MessageUI.framework; sourceTree = SDKROOT; };
		EDBF2F1400554EC987582499 /* Pods.xcconfig */ = {isa = PBXFileReference; includeInIndex = 1; lastKnownFileType = text.xcconfig; name = Pods.xcconfig; path = Pods/Pods.xcconfig; sourceTree = "<group>"; };
/* End PBXFileReference section */

/* Begin PBXFrameworksBuildPhase section */
		A5A01B6E18E6F107001FCE87 /* Frameworks */ = {
			isa = PBXFrameworksBuildPhase;
			buildActionMask = 2147483647;
			files = (
				A557E42418F9B8D20066D391 /* CoreLocation.framework in Frameworks */,
				A5ACC2A018F977B60017057D /* MapKit.framework in Frameworks */,
				A5B7CD0218F0917400538B7A /* MessageUI.framework in Frameworks */,
				A5A01B7518E6F107001FCE87 /* UIKit.framework in Frameworks */,
				A5A01B7718E6F107001FCE87 /* Foundation.framework in Frameworks */,
				A5A01B7918E6F107001FCE87 /* CoreGraphics.framework in Frameworks */,
				F63B3B747F3B46ED8106E6AE /* libPods.a in Frameworks */,
			);
			runOnlyForDeploymentPostprocessing = 0;
		};
/* End PBXFrameworksBuildPhase section */

/* Begin PBXGroup section */
		A5A01B6818E6F107001FCE87 = {
			isa = PBXGroup;
			children = (
				A5A01B7A18E6F107001FCE87 /* Contacts */,
				A5A01B7318E6F107001FCE87 /* Frameworks */,
				A5A01B7218E6F107001FCE87 /* Products */,
				EDBF2F1400554EC987582499 /* Pods.xcconfig */,
			);
			sourceTree = "<group>";
		};
		A5A01B7218E6F107001FCE87 /* Products */ = {
			isa = PBXGroup;
			children = (
				A5A01B7118E6F107001FCE87 /* Contacts.app */,
			);
			name = Products;
			sourceTree = "<group>";
		};
		A5A01B7318E6F107001FCE87 /* Frameworks */ = {
			isa = PBXGroup;
			children = (
				A557E42318F9B8D20066D391 /* CoreLocation.framework */,
				A5ACC29F18F977B60017057D /* MapKit.framework */,
				A5B7CD0118F0917300538B7A /* MessageUI.framework */,
				A5A01B7418E6F107001FCE87 /* UIKit.framework */,
				A5A01B7618E6F107001FCE87 /* Foundation.framework */,
				A5A01B7818E6F107001FCE87 /* CoreGraphics.framework */,
				38F00A984E4C42FB8E4EB0BB /* libPods.a */,
			);
			name = Frameworks;
			sourceTree = "<group>";
		};
		A5A01B7A18E6F107001FCE87 /* Contacts */ = {
			isa = PBXGroup;
			children = (
				A5A01B8318E6F107001FCE87 /* AppDelegate.h */,
				A5A01B8418E6F107001FCE87 /* AppDelegate.m */,
				A59E27D118E73280001860DF /* Contact.h */,
				A59E27D218E73280001860DF /* Contact.m */,
				A5ACC29A18F976C70017057D /* ContactsMapViewController.h */,
				A5ACC29B18F976C70017057D /* ContactsMapViewController.m */,
				A5ACC29C18F976C70017057D /* ContactsMapViewController.xib */,
				A5B7CD0018F06A5100538B7A /* ContactFormViewControllerDelegate.h */,
				A5ACC29518F96D910017057D /* ContactFormViewController.h */,
				A5ACC29618F96D910017057D /* ContactFormViewController.m */,
				A5ACC29718F96D910017057D /* ContactFormViewController.xib */,
				A59E27D418E73FF4001860DF /* ContactListViewController.h */,
				A59E27D518E73FF4001860DF /* ContactListViewController.m */,
				A5ACC2B318F97EA80017057D /* Images */,
				A5A01B7B18E6F107001FCE87 /* Supporting Files */,
			);
			path = Contacts;
			sourceTree = "<group>";
		};
		A5A01B7B18E6F107001FCE87 /* Supporting Files */ = {
			isa = PBXGroup;
			children = (
				A5A01B7C18E6F107001FCE87 /* Contacts-Info.plist */,
				A5A01B8218E6F107001FCE87 /* Contacts-Prefix.pch */,
				A5A01B7D18E6F107001FCE87 /* InfoPlist.strings */,
				A5A01B8018E6F107001FCE87 /* main.m */,
				A5ACC2A918F97E860017057D /* Vila Mariana.gpx */,
			);
			name = "Supporting Files";
			sourceTree = "<group>";
		};
		A5ACC2B318F97EA80017057D /* Images */ = {
			isa = PBXGroup;
			children = (
				A5ACC2B418F980E90017057D /* contacts-list.png */,
				A5ACC2B518F980E90017057D /* contacts-list@2x.png */,
				A5ACC2B618F980E90017057D /* contacts-map.png */,
				A5ACC2B718F980E90017057D /* contacts-map@2x.png */,
				A5A01B8A18E6F107001FCE87 /* Default-568h@2x.png */,
				A5ACC2A118F97E860017057D /* Default.png */,
				A5ACC2A218F97E860017057D /* Default@2x.png */,
				A5ACC2BC18F980F30017057D /* gps.png */,
				A5ACC2BD18F980F30017057D /* gps@2x.png */,
			);
			name = Images;
			sourceTree = "<group>";
		};
/* End PBXGroup section */

/* Begin PBXNativeTarget section */
		A5A01B7018E6F107001FCE87 /* Contacts */ = {
			isa = PBXNativeTarget;
			buildConfigurationList = A5A01B8E18E6F107001FCE87 /* Build configuration list for PBXNativeTarget "Contacts" */;
			buildPhases = (
				E9F841C548E146C5AD715AEF /* Check Pods Manifest.lock */,
				A5A01B6D18E6F107001FCE87 /* Sources */,
				A5A01B6E18E6F107001FCE87 /* Frameworks */,
				A5A01B6F18E6F107001FCE87 /* Resources */,
				7A99F83716094B25B0D68329 /* Copy Pods Resources */,
			);
			buildRules = (
			);
			dependencies = (
			);
			name = Contacts;
			productName = Contacts;
			productReference = A5A01B7118E6F107001FCE87 /* Contacts.app */;
			productType = "com.apple.product-type.application";
		};
/* End PBXNativeTarget section */

/* Begin PBXProject section */
		A5A01B6918E6F107001FCE87 /* Project object */ = {
			isa = PBXProject;
			attributes = {
				LastUpgradeCheck = 0460;
				ORGANIZATIONNAME = Venturus;
			};
			buildConfigurationList = A5A01B6C18E6F107001FCE87 /* Build configuration list for PBXProject "Contacts" */;
			compatibilityVersion = "Xcode 3.2";
			developmentRegion = English;
			hasScannedForEncodings = 0;
			knownRegions = (
				en,
			);
			mainGroup = A5A01B6818E6F107001FCE87;
			productRefGroup = A5A01B7218E6F107001FCE87 /* Products */;
			projectDirPath = "";
			projectRoot = "";
			targets = (
				A5A01B7018E6F107001FCE87 /* Contacts */,
			);
		};
/* End PBXProject section */

/* Begin PBXResourcesBuildPhase section */
		A5A01B6F18E6F107001FCE87 /* Resources */ = {
			isa = PBXResourcesBuildPhase;
			buildActionMask = 2147483647;
			files = (
				A5ACC29918F96DC10017057D /* ContactFormViewController.xib in Resources */,
				A5A01B7F18E6F107001FCE87 /* InfoPlist.strings in Resources */,
				A5A01B8B18E6F107001FCE87 /* Default-568h@2x.png in Resources */,
				A5ACC29E18F976C70017057D /* ContactsMapViewController.xib in Resources */,
				A5ACC2AA18F97E860017057D /* Default.png in Resources */,
				A5ACC2AB18F97E860017057D /* Default@2x.png in Resources */,
				A5ACC2B218F97E860017057D /* Vila Mariana.gpx in Resources */,
				A5ACC2B818F980E90017057D /* contacts-list.png in Resources */,
				A5ACC2B918F980E90017057D /* contacts-list@2x.png in Resources */,
				A5ACC2BA18F980E90017057D /* contacts-map.png in Resources */,
				A5ACC2BB18F980E90017057D /* contacts-map@2x.png in Resources */,
				A5ACC2BE18F980F30017057D /* gps.png in Resources */,
				A5ACC2BF18F980F30017057D /* gps@2x.png in Resources */,
			);
			runOnlyForDeploymentPostprocessing = 0;
		};
/* End PBXResourcesBuildPhase section */

/* Begin PBXShellScriptBuildPhase section */
		7A99F83716094B25B0D68329 /* Copy Pods Resources */ = {
			isa = PBXShellScriptBuildPhase;
			buildActionMask = 2147483647;
			files = (
			);
			inputPaths = (
			);
			name = "Copy Pods Resources";
			outputPaths = (
			);
			runOnlyForDeploymentPostprocessing = 0;
			shellPath = /bin/sh;
			shellScript = "\"${SRCROOT}/Pods/Pods-resources.sh\"\n";
			showEnvVarsInLog = 0;
		};
		E9F841C548E146C5AD715AEF /* Check Pods Manifest.lock */ = {
			isa = PBXShellScriptBuildPhase;
			buildActionMask = 2147483647;
			files = (
			);
			inputPaths = (
			);
			name = "Check Pods Manifest.lock";
			outputPaths = (
			);
			runOnlyForDeploymentPostprocessing = 0;
			shellPath = /bin/sh;
			shellScript = "diff \"${PODS_ROOT}/../Podfile.lock\" \"${PODS_ROOT}/Manifest.lock\" > /dev/null\nif [[ $? != 0 ]] ; then\n    cat << EOM\nerror: The sandbox is not in sync with the Podfile.lock. Run 'pod install' or update your CocoaPods installation.\nEOM\n    exit 1\nfi\n";
			showEnvVarsInLog = 0;
		};
/* End PBXShellScriptBuildPhase section */

/* Begin PBXSourcesBuildPhase section */
		A5A01B6D18E6F107001FCE87 /* Sources */ = {
			isa = PBXSourcesBuildPhase;
			buildActionMask = 2147483647;
			files = (
				A5ACC29818F96DB20017057D /* ContactFormViewController.m in Sources */,
				A5A01B8118E6F107001FCE87 /* main.m in Sources */,
				A5A01B8518E6F107001FCE87 /* AppDelegate.m in Sources */,
				A59E27D318E73280001860DF /* Contact.m in Sources */,
				A59E27D618E73FF4001860DF /* ContactListViewController.m in Sources */,
				A5ACC29D18F976C70017057D /* ContactsMapViewController.m in Sources */,
			);
			runOnlyForDeploymentPostprocessing = 0;
		};
/* End PBXSourcesBuildPhase section */

/* Begin PBXVariantGroup section */
		A5A01B7D18E6F107001FCE87 /* InfoPlist.strings */ = {
			isa = PBXVariantGroup;
			children = (
				A5A01B7E18E6F107001FCE87 /* en */,
			);
			name = InfoPlist.strings;
			sourceTree = "<group>";
		};
/* End PBXVariantGroup section */

/* Begin XCBuildConfiguration section */
		A5A01B8C18E6F107001FCE87 /* Debug */ = {
			isa = XCBuildConfiguration;
			buildSettings = {
				ALWAYS_SEARCH_USER_PATHS = NO;
				CLANG_CXX_LANGUAGE_STANDARD = "gnu++0x";
				CLANG_CXX_LIBRARY = "libc++";
				CLANG_ENABLE_OBJC_ARC = YES;
				CLANG_WARN_CONSTANT_CONVERSION = YES;
				CLANG_WARN_EMPTY_BODY = YES;
				CLANG_WARN_ENUM_CONVERSION = YES;
				CLANG_WARN_INT_CONVERSION = YES;
				CLANG_WARN__DUPLICATE_METHOD_MATCH = YES;
				"CODE_SIGN_IDENTITY[sdk=iphoneos*]" = "iPhone Developer";
				COPY_PHASE_STRIP = NO;
				GCC_C_LANGUAGE_STANDARD = gnu99;
				GCC_DYNAMIC_NO_PIC = NO;
				GCC_OPTIMIZATION_LEVEL = 0;
				GCC_PREPROCESSOR_DEFINITIONS = (
					"DEBUG=1",
					"$(inherited)",
				);
				GCC_SYMBOLS_PRIVATE_EXTERN = NO;
				GCC_WARN_ABOUT_RETURN_TYPE = YES;
				GCC_WARN_UNINITIALIZED_AUTOS = YES;
				GCC_WARN_UNUSED_VARIABLE = YES;
				IPHONEOS_DEPLOYMENT_TARGET = 6.1;
				ONLY_ACTIVE_ARCH = YES;
				SDKROOT = iphoneos;
			};
			name = Debug;
		};
		A5A01B8D18E6F107001FCE87 /* Release */ = {
			isa = XCBuildConfiguration;
			buildSettings = {
				ALWAYS_SEARCH_USER_PATHS = NO;
				CLANG_CXX_LANGUAGE_STANDARD = "gnu++0x";
				CLANG_CXX_LIBRARY = "libc++";
				CLANG_ENABLE_OBJC_ARC = YES;
				CLANG_WARN_CONSTANT_CONVERSION = YES;
				CLANG_WARN_EMPTY_BODY = YES;
				CLANG_WARN_ENUM_CONVERSION = YES;
				CLANG_WARN_INT_CONVERSION = YES;
				CLANG_WARN__DUPLICATE_METHOD_MATCH = YES;
				"CODE_SIGN_IDENTITY[sdk=iphoneos*]" = "iPhone Developer";
				COPY_PHASE_STRIP = YES;
				GCC_C_LANGUAGE_STANDARD = gnu99;
				GCC_WARN_ABOUT_RETURN_TYPE = YES;
				GCC_WARN_UNINITIALIZED_AUTOS = YES;
				GCC_WARN_UNUSED_VARIABLE = YES;
				IPHONEOS_DEPLOYMENT_TARGET = 6.1;
				OTHER_CFLAGS = "-DNS_BLOCK_ASSERTIONS=1";
				SDKROOT = iphoneos;
				VALIDATE_PRODUCT = YES;
			};
			name = Release;
		};
		A5A01B8F18E6F107001FCE87 /* Debug */ = {
			isa = XCBuildConfiguration;
			baseConfigurationReference = EDBF2F1400554EC987582499 /* Pods.xcconfig */;
			buildSettings = {
				GCC_PRECOMPILE_PREFIX_HEADER = YES;
				GCC_PREFIX_HEADER = "Contacts/Contacts-Prefix.pch";
				INFOPLIST_FILE = "Contacts/Contacts-Info.plist";
				PRODUCT_NAME = "$(TARGET_NAME)";
				WRAPPER_EXTENSION = app;
			};
			name = Debug;
		};
		A5A01B9018E6F107001FCE87 /* Release */ = {
			isa = XCBuildConfiguration;
			baseConfigurationReference = EDBF2F1400554EC987582499 /* Pods.xcconfig */;
			buildSettings = {
				GCC_PRECOMPILE_PREFIX_HEADER = YES;
				GCC_PREFIX_HEADER = "Contacts/Contacts-Prefix.pch";
				INFOPLIST_FILE = "Contacts/Contacts-Info.plist";
				PRODUCT_NAME = "$(TARGET_NAME)";
				WRAPPER_EXTENSION = app;
			};
			name = Release;
		};
/* End XCBuildConfiguration section */

/* Begin XCConfigurationList section */
		A5A01B6C18E6F107001FCE87 /* Build configuration list for PBXProject "Contacts" */ = {
			isa = XCConfigurationList;
			buildConfigurations = (
				A5A01B8C18E6F107001FCE87 /* Debug */,
				A5A01B8D18E6F107001FCE87 /* Release */,
			);
			defaultConfigurationIsVisible = 0;
			defaultConfigurationName = Release;
		};
		A5A01B8E18E6F107001FCE87 /* Build configuration list for PBXNativeTarget "Contacts" */ = {
			isa = XCConfigurationList;
			buildConfigurations = (
				A5A01B8F18E6F107001FCE87 /* Debug */,
				A5A01B9018E6F107001FCE87 /* Release */,
			);
			defaultConfigurationIsVisible = 0;
			defaultConfigurationName = Release;
		};
/* End XCConfigurationList section */
	};
	rootObject = A5A01B6918E6F107001FCE87 /* Project object */;
}
